
Microsoft Visual Studio Solution File, Format Version 12.00
# Visual Studio 14
VisualStudioVersion = 14.0.25420.1
MinimumVisualStudioVersion = 10.0.40219.1
Project("{2150E333-8FDC-42A3-9474-1A3956D46DE8}") = "Feature", "Feature", "{E6E655D5-DEA5-432F-ADFA-443E772EE12A}"
EndProject
Project("{2150E333-8FDC-42A3-9474-1A3956D46DE8}") = "Blog", "Blog", "{DD3A0BE4-F486-4B78-9E72-D2C4CB647B6C}"
EndProject
Project("{FAE04EC0-301F-11D3-BF4B-00C04F79EFBC}") = "Sitecore.Feature.Blog", "src\Feature\Blog\code\Sitecore.Feature.Blog.csproj", "{BB0D601D-20F7-4E34-B897-414079288E3D}"
EndProject
Project("{2150E333-8FDC-42A3-9474-1A3956D46DE8}") = "Configuration", "Configuration", "{A344A317-ADEA-493D-89AB-AAE4FAA0A4D4}"
	ProjectSection(SolutionItems) = preProject
		.gitignore = .gitignore
		gulp-config.js = gulp-config.js
		gulpfile.js = gulpfile.js
		LICENSE.txt = LICENSE.txt
		Readme.md = Readme.md
		TdsGlobal.config = TdsGlobal.config
	EndProjectSection
EndProject
Project("{FAE04EC0-301F-11D3-BF4B-00C04F79EFBC}") = "Sitecore.Feature.Blog.Tests", "src\Feature\Blog\tests\Sitecore.Feature.Blog.Tests.csproj", "{ACEBE353-C2D0-4CBE-A18B-C65C3528BEAD}"
EndProject
Project("{CAA73BB0-EF22-4D79-A57E-DF67B3BA9C80}") = "Sitecore.Feature.Blog.Tds.Master", "src\Feature\Blog\tds\Sitecore.Feature.Blog.Tds.Master\Sitecore.Feature.Blog.Tds.Master.scproj", "{18B7C86F-8A53-41E0-A6DC-9C257AC047B2}"
EndProject
Project("{CAA73BB0-EF22-4D79-A57E-DF67B3BA9C80}") = "Sitecore.Feature.Blog.Tds.Core", "Sitecore.Feature.Blog.Tds.Core\Sitecore.Feature.Blog.Tds.Core.scproj", "{BF15C521-F945-4227-9C34-480600B2C87D}"
EndProject
Global
	GlobalSection(SolutionConfigurationPlatforms) = preSolution
		Debug|Any CPU = Debug|Any CPU
		Release|Any CPU = Release|Any CPU
	EndGlobalSection
	GlobalSection(ProjectConfigurationPlatforms) = postSolution
		{BB0D601D-20F7-4E34-B897-414079288E3D}.Debug|Any CPU.ActiveCfg = Debug|Any CPU
		{BB0D601D-20F7-4E34-B897-414079288E3D}.Debug|Any CPU.Build.0 = Debug|Any CPU
		{BB0D601D-20F7-4E34-B897-414079288E3D}.Release|Any CPU.ActiveCfg = Release|Any CPU
		{BB0D601D-20F7-4E34-B897-414079288E3D}.Release|Any CPU.Build.0 = Release|Any CPU
		{ACEBE353-C2D0-4CBE-A18B-C65C3528BEAD}.Debug|Any CPU.ActiveCfg = Debug|Any CPU
		{ACEBE353-C2D0-4CBE-A18B-C65C3528BEAD}.Debug|Any CPU.Build.0 = Debug|Any CPU
		{ACEBE353-C2D0-4CBE-A18B-C65C3528BEAD}.Release|Any CPU.ActiveCfg = Release|Any CPU
		{ACEBE353-C2D0-4CBE-A18B-C65C3528BEAD}.Release|Any CPU.Build.0 = Release|Any CPU
		{18B7C86F-8A53-41E0-A6DC-9C257AC047B2}.Debug|Any CPU.ActiveCfg = Debug|Any CPU
		{18B7C86F-8A53-41E0-A6DC-9C257AC047B2}.Debug|Any CPU.Build.0 = Debug|Any CPU
		{18B7C86F-8A53-41E0-A6DC-9C257AC047B2}.Debug|Any CPU.Deploy.0 = Debug|Any CPU
		{18B7C86F-8A53-41E0-A6DC-9C257AC047B2}.Release|Any CPU.ActiveCfg = Release|Any CPU
		{18B7C86F-8A53-41E0-A6DC-9C257AC047B2}.Release|Any CPU.Build.0 = Release|Any CPU
		{18B7C86F-8A53-41E0-A6DC-9C257AC047B2}.Release|Any CPU.Deploy.0 = Release|Any CPU
		{BF15C521-F945-4227-9C34-480600B2C87D}.Debug|Any CPU.ActiveCfg = Debug|Any CPU
		{BF15C521-F945-4227-9C34-480600B2C87D}.Debug|Any CPU.Build.0 = Debug|Any CPU
		{BF15C521-F945-4227-9C34-480600B2C87D}.Debug|Any CPU.Deploy.0 = Debug|Any CPU
		{BF15C521-F945-4227-9C34-480600B2C87D}.Release|Any CPU.ActiveCfg = Release|Any CPU
		{BF15C521-F945-4227-9C34-480600B2C87D}.Release|Any CPU.Build.0 = Release|Any CPU
		{BF15C521-F945-4227-9C34-480600B2C87D}.Release|Any CPU.Deploy.0 = Release|Any CPU
	EndGlobalSection
	GlobalSection(SolutionProperties) = preSolution
		HideSolutionNode = FALSE
	EndGlobalSection
	GlobalSection(NestedProjects) = preSolution
		{DD3A0BE4-F486-4B78-9E72-D2C4CB647B6C} = {E6E655D5-DEA5-432F-ADFA-443E772EE12A}
		{BB0D601D-20F7-4E34-B897-414079288E3D} = {DD3A0BE4-F486-4B78-9E72-D2C4CB647B6C}
		{ACEBE353-C2D0-4CBE-A18B-C65C3528BEAD} = {DD3A0BE4-F486-4B78-9E72-D2C4CB647B6C}
		{18B7C86F-8A53-41E0-A6DC-9C257AC047B2} = {DD3A0BE4-F486-4B78-9E72-D2C4CB647B6C}
		{BF15C521-F945-4227-9C34-480600B2C87D} = {DD3A0BE4-F486-4B78-9E72-D2C4CB647B6C}
	EndGlobalSection
EndGlobal
